PODS:
  - android_alarm_manager (0.0.1):
    - Flutter
  - Flutter (1.0.0)
  - flutter_local_notifications (0.0.1):
    - Flutter
  - FMDB (2.7.5):
    - FMDB/standard (= 2.7.5)
  - FMDB/standard (2.7.5)
  - image_picker (0.0.1):
    - Flutter
  - path_provider (0.0.1):
    - Flutter
  - sqflite (0.0.1):
    - Flutter
    - FMDB (~> 2.7.2)
  - url_launcher (0.0.1):
    - Flutter

DEPENDENCIES:
  - android_alarm_manager (from `.symlinks/plugins/android_alarm_manager/ios`)
  - Flutter (from `.symlinks/flutter/ios-release`)
  - flutter_local_notifications (from `.symlinks/plugins/flutter_local_notifications/ios`)
  - image_picker (from `.symlinks/plugins/image_picker/ios`)
  - path_provider (from `.symlinks/plugins/path_provider/ios`)
  - sqflite (from `.symlinks/plugins/sqflite/ios`)
  - url_launcher (from `.symlinks/plugins/url_launcher/ios`)

SPEC REPOS:
  https://github.com/cocoapods/specs.git:
    - FMDB

EXTERNAL SOURCES:
  android_alarm_manager:
    :path: ".symlinks/plugins/android_alarm_manager/ios"
  Flutter:
    :path: ".symlinks/flutter/ios-release"
  flutter_local_notifications:
    :path: ".symlinks/plugins/flutter_local_notifications/ios"
  image_picker:
    :path: ".symlinks/plugins/image_picker/ios"
  path_provider:
    :path: ".symlinks/plugins/path_provider/ios"
  sqflite:
    :path: ".symlinks/plugins/sqflite/ios"
  url_launcher:
    :path: ".symlinks/plugins/url_launcher/ios"

SPEC CHECKSUMS:
  android_alarm_manager: 38beb952037bc2c262c568f24ad517cae8c8e209
  Flutter: 9d0fac939486c9aba2809b7982dfdbb47a7b0296
  flutter_local_notifications: 696a74904e0a0ab754e27a5f761da4a7f9153710
  FMDB: 2ce00b547f966261cd18927a3ddb07cb6f3db82a
  image_picker: ee00aab0487cedc80a304085219503cc6d0f2e22
  path_provider: 09407919825bfe3c2deae39453b7a5b44f467873
  sqflite: d1612813fa7db7c667bed9f1d1b508deffc56999
  url_launcher: 92b89c1029a0373879933c21642958c874539095

PODFILE CHECKSUM: ebd43b443038e611b86ede96e613bd6033c49497

COCOAPODS: 1.5.3
